
Microsoft Visual Studio Solution File, Format Version 12.00
# Visual Studio Version 17
VisualStudioVersion = 17.10.35013.160
MinimumVisualStudioVersion = 10.0.40219.1
Project("{FAE04EC0-301F-11D3-BF4B-00C04F79EFBC}") = "WorkWithFilesApi", "WorkWithFilesApi\WorkWithFilesApi.csproj", "{9D284C20-7FD2-4AA4-AA6E-97FC1B285B0D}"
EndProject
Global
	GlobalSection(SolutionConfigurationPlatforms) = preSolution
		Debug|Any CPU = Debug|Any CPU
		Release|Any CPU = Release|Any CPU
	EndGlobalSection
	GlobalSection(ProjectConfigurationPlatforms) = postSolution
		{9D284C20-7FD2-4AA4-AA6E-97FC1B285B0D}.Debug|Any CPU.ActiveCfg = Debug|Any CPU
		{9D284C20-7FD2-4AA4-AA6E-97FC1B285B0D}.Debug|Any CPU.Build.0 = Debug|Any CPU
		{9D284C20-7FD2-4AA4-AA6E-97FC1B285B0D}.Release|Any CPU.ActiveCfg = Release|Any CPU
		{9D284C20-7FD2-4AA4-AA6E-97FC1B285B0D}.Release|Any CPU.Build.0 = Release|Any CPU
	EndGlobalSection
	GlobalSection(SolutionProperties) = preSolution
		HideSolutionNode = FALSE
	EndGlobalSection
	GlobalSection(ExtensibilityGlobals) = postSolution
		SolutionGuid = {A1FCE465-03BF-4711-A39C-28B0F0CBE4CD}
	EndGlobalSection
EndGlobal
